
Microsoft Visual Studio Solution File, Format Version 12.00
# Visual Studio 15
VisualStudioVersion = 15.0.28010.2016
MinimumVisualStudioVersion = 10.0.40219.1
Project("{FAE04EC0-301F-11D3-BF4B-00C04F79EFBC}") = "RenameAzureBlobFilesByName", "RenameAzureBlobFilesByName\RenameAzureBlobFilesByName.csproj", "{40E41D31-26AA-4F31-97A3-59D36EBA78F5}"
EndProject
Global
	GlobalSection(SolutionConfigurationPlatforms) = preSolution
		Debug|Any CPU = Debug|Any CPU
		Release|Any CPU = Release|Any CPU
	EndGlobalSection
	GlobalSection(ProjectConfigurationPlatforms) = postSolution
		{40E41D31-26AA-4F31-97A3-59D36EBA78F5}.Debug|Any CPU.ActiveCfg = Debug|Any CPU
		{40E41D31-26AA-4F31-97A3-59D36EBA78F5}.Debug|Any CPU.Build.0 = Debug|Any CPU
		{40E41D31-26AA-4F31-97A3-59D36EBA78F5}.Release|Any CPU.ActiveCfg = Release|Any CPU
		{40E41D31-26AA-4F31-97A3-59D36EBA78F5}.Release|Any CPU.Build.0 = Release|Any CPU
	EndGlobalSection
	GlobalSection(SolutionProperties) = preSolution
		HideSolutionNode = FALSE
	EndGlobalSection
	GlobalSection(ExtensibilityGlobals) = postSolution
		SolutionGuid = {42D788A6-7C3C-4F61-BF91-905A98AF0745}
	EndGlobalSection
EndGlobal
